{
	"name": "@financial-times/x-consumer-test-vhtml",
	"version": "1.0.0",
	"lockfileVersion": 1,
	"requires": true,
	"dependencies": {
		"vhtml": {
			"version": "2.1.0",
			"resolved": "https://registry.npmjs.org/vhtml/-/vhtml-2.1.0.tgz",
			"integrity": "sha1-qFjtLjKMWVOZphroig4A+3Vr4Bw="
		}
	}
}
