{
  "name": "@financial-times/x-increment",
  "version": "0.0.0",
  "lockfileVersion": 1,
  "requires": true,
  "dependencies": {
    "@financial-times/x-engine": {
      "version": "file:../../packages/x-engine",
      "requires": {
        "assign-deep": "1.0.0"
      },
      "dependencies": {
        "assign-deep": {
          "version": "1.0.0",
          "bundled": true,
          "requires": {
            "assign-symbols": "2.0.2"
          }
        },
        "assign-symbols": {
          "version": "2.0.2",
          "bundled": true
        }
      }
    },
    "@financial-times/x-interaction": {
      "version": "file:../x-interaction",
      "requires": {
        "@financial-times/x-engine": "file:../../packages/x-engine",
        "@quarterto/short-id": "1.1.0"
      },
      "dependencies": {
        "@financial-times/x-engine": {
          "version": "file:../../packages/x-engine",
          "bundled": true,
          "requires": {
            "assign-deep": "1.0.0"
          },
          "dependencies": {
            "assign-deep": {
              "version": "1.0.0",
              "bundled": true,
              "requires": {
                "assign-symbols": "2.0.2"
              }
            },
            "assign-symbols": {
              "version": "2.0.2",
              "bundled": true
            }
          }
        },
        "@quarterto/short-id": {
          "version": "1.1.0",
          "bundled": true
        }
      }
    }
  }
}
