{
	"name": "@financial-times/x-types",
	"version": "1.0.0",
	"lockfileVersion": 1,
	"requires": true,
	"dependencies": {
		"@types/react": {
			"version": "16.0.38",
			"resolved": "https://registry.npmjs.org/@types/react/-/react-16.0.38.tgz",
			"integrity": "sha512-t0XJHNrlzLiVAKCWxS9zzAadoQO8zGFpHsrvNVk7QmrDXnm3cPFy2wFcHGNbKjntBiXznL6qQkh+a1Wxu21+dA=="
		}
	}
}
