{
  "name": "@financial-times/x-styling-demo",
  "version": "0.0.0",
  "lockfileVersion": 1,
  "requires": true,
  "dependencies": {
    "@financial-times/x-engine": {
      "version": "file:../../packages/x-engine",
      "requires": {
        "assign-deep": "1.0.0"
      },
      "dependencies": {
        "assign-deep": {
          "version": "1.0.0",
          "bundled": true,
          "requires": {
            "assign-symbols": "2.0.2"
          }
        },
        "assign-symbols": {
          "version": "2.0.2",
          "bundled": true
        }
      }
    },
    "classnames": {
      "version": "2.2.6",
      "resolved": "https://registry.npmjs.org/classnames/-/classnames-2.2.6.tgz",
      "integrity": "sha512-JR/iSQOSt+LQIWwrwEzJ9uk0xfN3mTVYMwt1Ir5mUcSN6pU+V4zQFFaJsclJbPuAUQH+yfWef6tm7l1quW3C8Q=="
    }
  }
}
