{
  "name": "@financial-times/x-handlebars",
  "version": "0.0.0",
  "lockfileVersion": 1,
  "requires": true,
  "dependencies": {
    "@financial-times/x-engine": {
      "version": "file:../x-engine",
      "requires": {
        "assign-deep": "0.4.7"
      },
      "dependencies": {
        "assign-deep": {
          "version": "0.4.7",
          "bundled": true,
          "requires": {
            "assign-symbols": "0.1.1",
            "is-primitive": "2.0.0",
            "kind-of": "5.1.0"
          }
        },
        "assign-symbols": {
          "version": "0.1.1",
          "bundled": true
        },
        "is-primitive": {
          "version": "2.0.0",
          "bundled": true
        },
        "kind-of": {
          "version": "5.1.0",
          "bundled": true
        }
      }
    }
  }
}
