{
  "name": "@financial-times/x-handlebars",
  "version": "0.0.0",
  "lockfileVersion": 1,
  "requires": true,
  "dependencies": {
    "@financial-times/x-engine": {
      "version": "file:../x-engine",
      "requires": {
        "assign-deep": "1.0.0"
      },
      "dependencies": {
        "assign-deep": {
          "version": "1.0.0",
          "bundled": true,
          "requires": {
            "assign-symbols": "2.0.2"
          }
        },
        "assign-symbols": {
          "version": "2.0.2",
          "bundled": true
        }
      }
    }
  }
}
