{
  "name": "@financial-times/x-logo",
  "version": "0.0.0",
  "lockfileVersion": 1,
  "requires": true,
  "dependencies": {
    "delaunator": {
      "version": "2.0.3",
      "resolved": "https://registry.npmjs.org/delaunator/-/delaunator-2.0.3.tgz",
      "integrity": "sha512-jHi7rPdAk9AqKFj+AZBchYgckSlVANdY8OMxhPmS24pRDFsJWuNoRyPxvPxOwaS6DWhy4/OOCthiuQmXI3QtKQ=="
    },
    "hsluv": {
      "version": "0.0.3",
      "resolved": "https://registry.npmjs.org/hsluv/-/hsluv-0.0.3.tgz",
      "integrity": "sha1-gpEH2vtKn4tSoYCe0C4JHq3mdUw="
    },
    "iota-array": {
      "version": "1.0.0",
      "resolved": "https://registry.npmjs.org/iota-array/-/iota-array-1.0.0.tgz",
      "integrity": "sha1-ge9X/l0FgUzVjCSDYyqZwwoOgIc="
    },
    "is-buffer": {
      "version": "1.1.6",
      "resolved": "https://registry.npmjs.org/is-buffer/-/is-buffer-1.1.6.tgz",
      "integrity": "sha512-NcdALwpXkTm5Zvvbk7owOUSvVvBKDgKP5/ewfXEznmQFfs4ZRmanOeKBTjRVjka3QFoN6XJ+9F3USqfHqTaU5w=="
    },
    "moore": {
      "version": "1.0.0",
      "resolved": "https://registry.npmjs.org/moore/-/moore-1.0.0.tgz",
      "integrity": "sha1-HSspjDLP0zDbD+gaC1usMZ/Z62U="
    },
    "ndarray": {
      "version": "1.0.18",
      "resolved": "https://registry.npmjs.org/ndarray/-/ndarray-1.0.18.tgz",
      "integrity": "sha1-tg06cyJOxVXQ+qeXEeUCRI/T95M=",
      "requires": {
        "iota-array": "1.0.0",
        "is-buffer": "1.1.6"
      }
    },
    "point-in-polygon": {
      "version": "1.0.1",
      "resolved": "https://registry.npmjs.org/point-in-polygon/-/point-in-polygon-1.0.1.tgz",
      "integrity": "sha1-1Ztk6P7kHElFiqyCtWcYxZV7Kvc="
    },
    "poisson-disk-sampling": {
      "version": "1.0.2",
      "resolved": "https://registry.npmjs.org/poisson-disk-sampling/-/poisson-disk-sampling-1.0.2.tgz",
      "integrity": "sha512-ZNl8I5kctHsBGwQ9NixpBhZU1HmZjXL195mQc8UOOh5mlC+ibcyTppq/Cj0Xfqmc4+kh/RUvTIQWKUVir7ESFQ==",
      "requires": {
        "moore": "1.0.0",
        "zeros": "1.0.0"
      }
    },
    "seedrandom": {
      "version": "2.4.4",
      "resolved": "https://registry.npmjs.org/seedrandom/-/seedrandom-2.4.4.tgz",
      "integrity": "sha512-9A+PDmgm+2du77B5i0Ip2cxOqqHjgNxnBgglxLcX78A2D6c2rTo61z4jnVABpF4cKeDMDG+cmXXvdnqse2VqMA=="
    },
    "zeros": {
      "version": "1.0.0",
      "resolved": "https://registry.npmjs.org/zeros/-/zeros-1.0.0.tgz",
      "integrity": "sha1-ZOLYPA2o0yKqTLiCSXsxt9wzpUA=",
      "requires": {
        "ndarray": "1.0.18"
      }
    }
  }
}
